
Microsoft Visual Studio Solution File, Format Version 12.00
# Visual Studio Version 17
VisualStudioVersion = 17.12.35521.163 d17.12
MinimumVisualStudioVersion = 10.0.40219.1
Project("{FAE04EC0-301F-11D3-BF4B-00C04F79EFBC}") = "DurakApi", "DurakApi\DurakApi.csproj", "{3E6AEE5A-CF82-4B1C-88A5-4D7B1E99D750}"
EndProject
Global
	GlobalSection(SolutionConfigurationPlatforms) = preSolution
		Debug|Any CPU = Debug|Any CPU
		Release|Any CPU = Release|Any CPU
	EndGlobalSection
	GlobalSection(ProjectConfigurationPlatforms) = postSolution
		{3E6AEE5A-CF82-4B1C-88A5-4D7B1E99D750}.Debug|Any CPU.ActiveCfg = Debug|Any CPU
		{3E6AEE5A-CF82-4B1C-88A5-4D7B1E99D750}.Debug|Any CPU.Build.0 = Debug|Any CPU
		{3E6AEE5A-CF82-4B1C-88A5-4D7B1E99D750}.Release|Any CPU.ActiveCfg = Release|Any CPU
		{3E6AEE5A-CF82-4B1C-88A5-4D7B1E99D750}.Release|Any CPU.Build.0 = Release|Any CPU
	EndGlobalSection
	GlobalSection(SolutionProperties) = preSolution
		HideSolutionNode = FALSE
	EndGlobalSection
EndGlobal
